
Microsoft Visual Studio Solution File, Format Version 12.00
# Visual Studio Version 17
VisualStudioVersion = 17.5.002.0
MinimumVisualStudioVersion = 10.0.40219.1
Project("{9A19103F-16F7-4668-BE54-9A1E7A4F7556}") = "Exam_Unit_3", "Exam_Unit_3.csproj", "{49900D92-3F9F-4BFE-9C37-A420C00FFBE9}"
EndProject
Global
	GlobalSection(SolutionConfigurationPlatforms) = preSolution
		Debug|Any CPU = Debug|Any CPU
		Release|Any CPU = Release|Any CPU
	EndGlobalSection
	GlobalSection(ProjectConfigurationPlatforms) = postSolution
		{49900D92-3F9F-4BFE-9C37-A420C00FFBE9}.Debug|Any CPU.ActiveCfg = Debug|Any CPU
		{49900D92-3F9F-4BFE-9C37-A420C00FFBE9}.Debug|Any CPU.Build.0 = Debug|Any CPU
		{49900D92-3F9F-4BFE-9C37-A420C00FFBE9}.Release|Any CPU.ActiveCfg = Release|Any CPU
		{49900D92-3F9F-4BFE-9C37-A420C00FFBE9}.Release|Any CPU.Build.0 = Release|Any CPU
	EndGlobalSection
	GlobalSection(SolutionProperties) = preSolution
		HideSolutionNode = FALSE
	EndGlobalSection
	GlobalSection(ExtensibilityGlobals) = postSolution
		SolutionGuid = {7473FDEA-5668-490C-8BAA-BC4D2EF66091}
	EndGlobalSection
EndGlobal
